
Microsoft Visual Studio Solution File, Format Version 12.00
# Visual Studio 15
VisualStudioVersion = 15.0.28010.2036
MinimumVisualStudioVersion = 10.0.40219.1
Project("{FAE04EC0-301F-11D3-BF4B-00C04F79EFBC}") = "Game", "Game\Game.csproj", "{32999FCA-F11C-4BB7-94F3-133CA4DEB793}"
EndProject
Global
	GlobalSection(SolutionConfigurationPlatforms) = preSolution
		Debug|Any CPU = Debug|Any CPU
		Release|Any CPU = Release|Any CPU
	EndGlobalSection
	GlobalSection(ProjectConfigurationPlatforms) = postSolution
		{32999FCA-F11C-4BB7-94F3-133CA4DEB793}.Debug|Any CPU.ActiveCfg = Debug|Any CPU
		{32999FCA-F11C-4BB7-94F3-133CA4DEB793}.Debug|Any CPU.Build.0 = Debug|Any CPU
		{32999FCA-F11C-4BB7-94F3-133CA4DEB793}.Release|Any CPU.ActiveCfg = Release|Any CPU
		{32999FCA-F11C-4BB7-94F3-133CA4DEB793}.Release|Any CPU.Build.0 = Release|Any CPU
	EndGlobalSection
	GlobalSection(SolutionProperties) = preSolution
		HideSolutionNode = FALSE
	EndGlobalSection
	GlobalSection(ExtensibilityGlobals) = postSolution
		SolutionGuid = {C92D2249-8B1B-40D1-B5DA-CE5A841A1348}
	EndGlobalSection
EndGlobal
